{
  "originHash" : "951459cde1a6e17ebcf396085c6ff07c1e3016b9b3cc323ff09277b6ab343d55",
  "pins" : [
    {
      "identity" : "swift-argument-parser",
      "kind" : "remoteSourceControl",
      "location" : "https://github.com/apple/swift-argument-parser",
      "state" : {
        "revision" : "6a52f3251125d74daf04fcbd5e6f08a75d074382",
        "version" : "1.8.2"
      }
    },
    {
      "identity" : "swiftwayland",
      "kind" : "remoteSourceControl",
      "location" : "https://github.com/ongsalt/SwiftWayland",
      "state" : {
        "branch" : "master",
        "revision" : "2ea48ec780889f830b780cf9746a7821f2b4fbea"
      }
    },
    {
      "identity" : "xmlcoder",
      "kind" : "remoteSourceControl",
      "location" : "https://github.com/CoreOffice/XMLCoder.git",
      "state" : {
        "revision" : "42f62383dbcd074440cb1f6a750b9c02df9e7325",
        "version" : "0.18.2"
      }
    }
  ],
  "version" : 3
}
