{
  "originHash" : "d9e366d30e4b9214cbe83cb4b8677c5466e6dc2db1b95af2aa4f9fb6359719c4",
  "pins" : [
    {
      "identity" : "swift-argument-parser",
      "kind" : "remoteSourceControl",
      "location" : "https://github.com/apple/swift-argument-parser",
      "state" : {
        "revision" : "626b5b7b2f45e1b0b1c6f4a309296d1d21d7311b",
        "version" : "1.7.1"
      }
    },
    {
      "identity" : "swiftwayland",
      "kind" : "remoteSourceControl",
      "location" : "https://github.com/ongsalt/SwiftWayland",
      "state" : {
        "branch" : "master",
        "revision" : "21655193cf45ab48bf27b2694cd2b7550c97acca"
      }
    },
    {
      "identity" : "xmlcoder",
      "kind" : "remoteSourceControl",
      "location" : "https://github.com/CoreOffice/XMLCoder.git",
      "state" : {
        "revision" : "42f62383dbcd074440cb1f6a750b9c02df9e7325",
        "version" : "0.18.2"
      }
    }
  ],
  "version" : 3
}
